
Microsoft Visual Studio Solution File, Format Version 12.00
# Visual Studio Version 17
VisualStudioVersion = 17.6.33801.468
MinimumVisualStudioVersion = 10.0.40219.1
Project("{9A19103F-16F7-4668-BE54-9A1E7A4F7556}") = "HotelReservationService", "ConsoleApp\HotelReservationService.csproj", "{F3A7B8FE-3AD2-4D90-908A-866FEDE942D9}"
EndProject
Global
	GlobalSection(SolutionConfigurationPlatforms) = preSolution
		Debug|Any CPU = Debug|Any CPU
		Release|Any CPU = Release|Any CPU
	EndGlobalSection
	GlobalSection(ProjectConfigurationPlatforms) = postSolution
		{F3A7B8FE-3AD2-4D90-908A-866FEDE942D9}.Debug|Any CPU.ActiveCfg = Debug|Any CPU
		{F3A7B8FE-3AD2-4D90-908A-866FEDE942D9}.Debug|Any CPU.Build.0 = Debug|Any CPU
		{F3A7B8FE-3AD2-4D90-908A-866FEDE942D9}.Release|Any CPU.ActiveCfg = Release|Any CPU
		{F3A7B8FE-3AD2-4D90-908A-866FEDE942D9}.Release|Any CPU.Build.0 = Release|Any CPU
	EndGlobalSection
	GlobalSection(SolutionProperties) = preSolution
		HideSolutionNode = FALSE
	EndGlobalSection
	GlobalSection(ExtensibilityGlobals) = postSolution
		SolutionGuid = {457DE8AB-222C-40C4-B5F6-A2DF3D83E134}
	EndGlobalSection
EndGlobal
